
Microsoft Visual Studio Solution File, Format Version 12.00
# Visual Studio Version 17
VisualStudioVersion = 17.7.34221.43
MinimumVisualStudioVersion = 10.0.40219.1
Project("{FAE04EC0-301F-11D3-BF4B-00C04F79EFBC}") = "IPAP6", "IPAP6\IPAP6.csproj", "{34DAC867-ED30-4D50-BA6D-0FDC822346DE}"
EndProject
Project("{FAE04EC0-301F-11D3-BF4B-00C04F79EFBC}") = "IPAP6Web", "IPAP6Web\IPAP6Web.csproj", "{40972F7F-DEA2-4FE1-AE5A-A927759AB6F5}"
EndProject
Global
	GlobalSection(SolutionConfigurationPlatforms) = preSolution
		Debug|Any CPU = Debug|Any CPU
		Release|Any CPU = Release|Any CPU
	EndGlobalSection
	GlobalSection(ProjectConfigurationPlatforms) = postSolution
		{34DAC867-ED30-4D50-BA6D-0FDC822346DE}.Debug|Any CPU.ActiveCfg = Debug|Any CPU
		{34DAC867-ED30-4D50-BA6D-0FDC822346DE}.Debug|Any CPU.Build.0 = Debug|Any CPU
		{34DAC867-ED30-4D50-BA6D-0FDC822346DE}.Debug|Any CPU.Deploy.0 = Debug|Any CPU
		{34DAC867-ED30-4D50-BA6D-0FDC822346DE}.Release|Any CPU.ActiveCfg = Release|Any CPU
		{34DAC867-ED30-4D50-BA6D-0FDC822346DE}.Release|Any CPU.Build.0 = Release|Any CPU
		{34DAC867-ED30-4D50-BA6D-0FDC822346DE}.Release|Any CPU.Deploy.0 = Release|Any CPU
		{40972F7F-DEA2-4FE1-AE5A-A927759AB6F5}.Debug|Any CPU.ActiveCfg = Debug|Any CPU
		{40972F7F-DEA2-4FE1-AE5A-A927759AB6F5}.Debug|Any CPU.Build.0 = Debug|Any CPU
		{40972F7F-DEA2-4FE1-AE5A-A927759AB6F5}.Release|Any CPU.ActiveCfg = Release|Any CPU
		{40972F7F-DEA2-4FE1-AE5A-A927759AB6F5}.Release|Any CPU.Build.0 = Release|Any CPU
	EndGlobalSection
	GlobalSection(SolutionProperties) = preSolution
		HideSolutionNode = FALSE
	EndGlobalSection
	GlobalSection(ExtensibilityGlobals) = postSolution
		SolutionGuid = {C76F4C5D-6994-432B-8BD4-ECDE0986BC76}
	EndGlobalSection
EndGlobal
